Microsoft Visual Studio Solution File, Format Version 11.00
# Visual Studio 2008

Project("{C8D06FD7-3DC3-356C-5C4A-271CC2FFD66F}") = "2D3D", "Assembly-CSharp.csproj", "{7EACE7A8-A1A3-9CED-A1B4-8E541378B81B}"
EndProject
Global
	GlobalSection(SolutionConfigurationPlatforms) = preSolution
		Debug|Any CPU = Debug|Any CPU
		Release|Any CPU = Release|Any CPU
	EndGlobalSection
	GlobalSection(ProjectConfigurationPlatforms) = postSolution
		{7EACE7A8-A1A3-9CED-A1B4-8E541378B81B}.Debug|Any CPU.ActiveCfg = Debug|Any CPU
		{7EACE7A8-A1A3-9CED-A1B4-8E541378B81B}.Debug|Any CPU.Build.0 = Debug|Any CPU
		{7EACE7A8-A1A3-9CED-A1B4-8E541378B81B}.Release|Any CPU.ActiveCfg = Release|Any CPU
		{7EACE7A8-A1A3-9CED-A1B4-8E541378B81B}.Release|Any CPU.Build.0 = Release|Any CPU
	EndGlobalSection
	GlobalSection(SolutionProperties) = preSolution
		HideSolutionNode = FALSE
	EndGlobalSection
	GlobalSection(MonoDevelopProperties) = preSolution
		StartupItem = Assembly-CSharp.csproj
	EndGlobalSection
EndGlobal
